
Microsoft Visual Studio Solution File, Format Version 12.00
# Visual Studio Version 17
VisualStudioVersion = 17.2.32519.379
MinimumVisualStudioVersion = 10.0.40219.1
Project("{FAE04EC0-301F-11D3-BF4B-00C04F79EFBC}") = "AutoGTP2_v2.0", "AutoGTP2_v2.0\AutoGTP2_v2.0.csproj", "{981F3A4F-AC51-4D2F-B264-56DF0119E4F5}"
EndProject
Global
	GlobalSection(SolutionConfigurationPlatforms) = preSolution
		Debug|Any CPU = Debug|Any CPU
		Release|Any CPU = Release|Any CPU
	EndGlobalSection
	GlobalSection(ProjectConfigurationPlatforms) = postSolution
		{981F3A4F-AC51-4D2F-B264-56DF0119E4F5}.Debug|Any CPU.ActiveCfg = Debug|Any CPU
		{981F3A4F-AC51-4D2F-B264-56DF0119E4F5}.Debug|Any CPU.Build.0 = Debug|Any CPU
		{981F3A4F-AC51-4D2F-B264-56DF0119E4F5}.Release|Any CPU.ActiveCfg = Release|Any CPU
		{981F3A4F-AC51-4D2F-B264-56DF0119E4F5}.Release|Any CPU.Build.0 = Release|Any CPU
	EndGlobalSection
	GlobalSection(SolutionProperties) = preSolution
		HideSolutionNode = FALSE
	EndGlobalSection
	GlobalSection(ExtensibilityGlobals) = postSolution
		SolutionGuid = {8AED4FC1-41DD-468B-AC55-9FCD7044ABEA}
	EndGlobalSection
EndGlobal
